
Microsoft Visual Studio Solution File, Format Version 12.00
# Visual Studio Version 17
VisualStudioVersion = 17.3.32901.215
MinimumVisualStudioVersion = 10.0.40219.1
Project("{FAE04EC0-301F-11D3-BF4B-00C04F79EFBC}") = "lab2", "lab2.csproj", "{000207B3-A1E7-4B1A-8188-8F705E4DD45C}"
EndProject
Project("{FAE04EC0-301F-11D3-BF4B-00C04F79EFBC}") = "interpreter", "..\interpreter\interpreter.csproj", "{31ECFB00-A8D2-437F-9814-D1242B48327A}"
EndProject
Global
	GlobalSection(SolutionConfigurationPlatforms) = preSolution
		Debug|Any CPU = Debug|Any CPU
		Release|Any CPU = Release|Any CPU
	EndGlobalSection
	GlobalSection(ProjectConfigurationPlatforms) = postSolution
		{000207B3-A1E7-4B1A-8188-8F705E4DD45C}.Debug|Any CPU.ActiveCfg = Debug|Any CPU
		{000207B3-A1E7-4B1A-8188-8F705E4DD45C}.Debug|Any CPU.Build.0 = Debug|Any CPU
		{000207B3-A1E7-4B1A-8188-8F705E4DD45C}.Release|Any CPU.ActiveCfg = Release|Any CPU
		{000207B3-A1E7-4B1A-8188-8F705E4DD45C}.Release|Any CPU.Build.0 = Release|Any CPU
		{31ECFB00-A8D2-437F-9814-D1242B48327A}.Debug|Any CPU.ActiveCfg = Debug|Any CPU
		{31ECFB00-A8D2-437F-9814-D1242B48327A}.Debug|Any CPU.Build.0 = Debug|Any CPU
		{31ECFB00-A8D2-437F-9814-D1242B48327A}.Release|Any CPU.ActiveCfg = Release|Any CPU
		{31ECFB00-A8D2-437F-9814-D1242B48327A}.Release|Any CPU.Build.0 = Release|Any CPU
	EndGlobalSection
	GlobalSection(SolutionProperties) = preSolution
		HideSolutionNode = FALSE
	EndGlobalSection
	GlobalSection(ExtensibilityGlobals) = postSolution
		SolutionGuid = {863A8C09-C42D-4EB1-B253-B8F656F4FF1D}
	EndGlobalSection
EndGlobal
